// !$*UTF8*$!
{
	archiveVersion = 1;
	classes = {
	};
	objectVersion = 46;
	objects = {

/* Begin PBXBuildFile section */
		4E04A3531EC5184300BC2548 /* main.m in Sources */ = {isa = PBXBuildFile; fileRef = 4E04A3521EC5184300BC2548 /* main.m */; };
		4E04A3561EC5184300BC2548 /* AppDelegate.m in Sources */ = {isa = PBXBuildFile; fileRef = 4E04A3551EC5184300BC2548 /* AppDelegate.m */; };
		4E04A3591EC5184300BC2548 /* NoticiasViewController.m in Sources */ = {isa = PBXBuildFile; fileRef = 4E04A3581EC5184300BC2548 /* NoticiasViewController.m */; };
		4E04A35C1EC5184300BC2548 /* Main.storyboard in Resources */ = {isa = PBXBuildFile; fileRef = 4E04A35A1EC5184300BC2548 /* Main.storyboard */; };
		4E04A35E1EC5184300BC2548 /* Assets.xcassets in Resources */ = {isa = PBXBuildFile; fileRef = 4E04A35D1EC5184300BC2548 /* Assets.xcassets */; };
		4E04A3611EC5184300BC2548 /* LaunchScreen.storyboard in Resources */ = {isa = PBXBuildFile; fileRef = 4E04A35F1EC5184300BC2548 /* LaunchScreen.storyboard */; };
		4E04A3771EC5184300BC2548 /* DesafioUITests.m in Sources */ = {isa = PBXBuildFile; fileRef = 4E04A3761EC5184300BC2548 /* DesafioUITests.m */; };
		4E04A3871EC51BC500BC2548 /* Cartfile in Resources */ = {isa = PBXBuildFile; fileRef = 4E04A3861EC51BC500BC2548 /* Cartfile */; };
		4E04A38C1EC51D5600BC2548 /* Capa.m in Sources */ = {isa = PBXBuildFile; fileRef = 4E04A38B1EC51D5600BC2548 /* Capa.m */; };
		4E04A38F1EC51D9B00BC2548 /* Conteudo.m in Sources */ = {isa = PBXBuildFile; fileRef = 4E04A38E1EC51D9B00BC2548 /* Conteudo.m */; };
		4E04A3921EC51EA800BC2548 /* Secao.m in Sources */ = {isa = PBXBuildFile; fileRef = 4E04A3911EC51EA800BC2548 /* Secao.m */; };
		4E04A3981EC51EEB00BC2548 /* Imagem.m in Sources */ = {isa = PBXBuildFile; fileRef = 4E04A3971EC51EEB00BC2548 /* Imagem.m */; };
		4E04A39C1EC522CD00BC2548 /* APINoticias.m in Sources */ = {isa = PBXBuildFile; fileRef = 4E04A39B1EC522CD00BC2548 /* APINoticias.m */; };
		4E04A3A21EC5247D00BC2548 /* AFNetworking.framework in Frameworks */ = {isa = PBXBuildFile; fileRef = 4E04A39E1EC5247D00BC2548 /* AFNetworking.framework */; };
		4E04A3A31EC5247D00BC2548 /* AFNetworking.framework in Embed Frameworks */ = {isa = PBXBuildFile; fileRef = 4E04A39E1EC5247D00BC2548 /* AFNetworking.framework */; settings = {ATTRIBUTES = (CodeSignOnCopy, RemoveHeadersOnCopy, ); }; };
		4E04A3A41EC5247D00BC2548 /* OCMock.framework in Frameworks */ = {isa = PBXBuildFile; fileRef = 4E04A39F1EC5247D00BC2548 /* OCMock.framework */; };
		4E04A3A51EC5247D00BC2548 /* OCMock.framework in Embed Frameworks */ = {isa = PBXBuildFile; fileRef = 4E04A39F1EC5247D00BC2548 /* OCMock.framework */; settings = {ATTRIBUTES = (CodeSignOnCopy, RemoveHeadersOnCopy, ); }; };
		4E04A3A61EC5247D00BC2548 /* PINCache.framework in Frameworks */ = {isa = PBXBuildFile; fileRef = 4E04A3A01EC5247D00BC2548 /* PINCache.framework */; };
		4E04A3A71EC5247D00BC2548 /* PINCache.framework in Embed Frameworks */ = {isa = PBXBuildFile; fileRef = 4E04A3A01EC5247D00BC2548 /* PINCache.framework */; settings = {ATTRIBUTES = (CodeSignOnCopy, RemoveHeadersOnCopy, ); }; };
		4E04A3A81EC5247D00BC2548 /* PINRemoteImage.framework in Frameworks */ = {isa = PBXBuildFile; fileRef = 4E04A3A11EC5247D00BC2548 /* PINRemoteImage.framework */; };
		4E04A3A91EC5247D00BC2548 /* PINRemoteImage.framework in Embed Frameworks */ = {isa = PBXBuildFile; fileRef = 4E04A3A11EC5247D00BC2548 /* PINRemoteImage.framework */; settings = {ATTRIBUTES = (CodeSignOnCopy, RemoveHeadersOnCopy, ); }; };
		4E24347C1EC896EE0088EBF1 /* NoticiaDetailViewController.m in Sources */ = {isa = PBXBuildFile; fileRef = 4E24347B1EC896EE0088EBF1 /* NoticiaDetailViewController.m */; };
		4E2434811EC897460088EBF1 /* NoticiasViewController+Handler.m in Sources */ = {isa = PBXBuildFile; fileRef = 4E2434801EC897460088EBF1 /* NoticiasViewController+Handler.m */; };
		4E2434841EC8974F0088EBF1 /* NoticiasViewController+Delegate.m in Sources */ = {isa = PBXBuildFile; fileRef = 4E2434831EC8974F0088EBF1 /* NoticiasViewController+Delegate.m */; };
		4E2434891EC89E4B0088EBF1 /* NoticiaDetailViewController+View.m in Sources */ = {isa = PBXBuildFile; fileRef = 4E2434881EC89E4B0088EBF1 /* NoticiaDetailViewController+View.m */; };
		4E24348C1EC8BA780088EBF1 /* NoticiaDetailViewController+Handler.m in Sources */ = {isa = PBXBuildFile; fileRef = 4E24348B1EC8BA780088EBF1 /* NoticiaDetailViewController+Handler.m */; };
		4E24348F1EC8BF480088EBF1 /* NSDate+Support.m in Sources */ = {isa = PBXBuildFile; fileRef = 4E24348E1EC8BF480088EBF1 /* NSDate+Support.m */; };
		4E2434921EC8D1A10088EBF1 /* NSDateTests.m in Sources */ = {isa = PBXBuildFile; fileRef = 4E2434911EC8D1A10088EBF1 /* NSDateTests.m */; };
		4E2434971EC8D46F0088EBF1 /* CapaTableViewCellTests.m in Sources */ = {isa = PBXBuildFile; fileRef = 4E2434961EC8D46F0088EBF1 /* CapaTableViewCellTests.m */; };
		4E2434991EC8D62B0088EBF1 /* NoticiaTableViewCellTests.m in Sources */ = {isa = PBXBuildFile; fileRef = 4E2434981EC8D62B0088EBF1 /* NoticiaTableViewCellTests.m */; };
		4E24349C1EC8DAEA0088EBF1 /* NoticiasViewControllerTests.m in Sources */ = {isa = PBXBuildFile; fileRef = 4E24349B1EC8DAEA0088EBF1 /* NoticiasViewControllerTests.m */; };
		4E24349E1EC8DEA20088EBF1 /* NoticiasViewController+HandlerTests.m in Sources */ = {isa = PBXBuildFile; fileRef = 4E24349D1EC8DEA20088EBF1 /* NoticiasViewController+HandlerTests.m */; };
		4E2434A11EC8EE880088EBF1 /* NoticiaDetailViewController+ViewTests.m in Sources */ = {isa = PBXBuildFile; fileRef = 4E2434A01EC8EE880088EBF1 /* NoticiaDetailViewController+ViewTests.m */; };
		4E2434A41EC8EECE0088EBF1 /* NoticiasViewController+DataSourceTests.m in Sources */ = {isa = PBXBuildFile; fileRef = 4E2434A31EC8EECE0088EBF1 /* NoticiasViewController+DataSourceTests.m */; };
		4E2434A61EC8F03D0088EBF1 /* NoticiaDetailViewControllerTests.m in Sources */ = {isa = PBXBuildFile; fileRef = 4E2434A51EC8F03D0088EBF1 /* NoticiaDetailViewControllerTests.m */; };
		4E2434A81EC8F1030088EBF1 /* NoticiaDetailViewController+HandlerTests.m in Sources */ = {isa = PBXBuildFile; fileRef = 4E2434A71EC8F1030088EBF1 /* NoticiaDetailViewController+HandlerTests.m */; };
		4EC5CF431EC670C4004BE63C /* CapaTests.m in Sources */ = {isa = PBXBuildFile; fileRef = 4EC5CF421EC670C4004BE63C /* CapaTests.m */; };
		4EC5CF451EC6723F004BE63C /* ImagemTests.m in Sources */ = {isa = PBXBuildFile; fileRef = 4EC5CF441EC6723F004BE63C /* ImagemTests.m */; };
		4EC5CF471EC67502004BE63C /* SecaoTests.m in Sources */ = {isa = PBXBuildFile; fileRef = 4EC5CF461EC67502004BE63C /* SecaoTests.m */; };
		4EC5CF491EC6762A004BE63C /* ConteudoTests.m in Sources */ = {isa = PBXBuildFile; fileRef = 4EC5CF481EC6762A004BE63C /* ConteudoTests.m */; };
		4EC5CF4D1EC68844004BE63C /* OCMock.framework in Frameworks */ = {isa = PBXBuildFile; fileRef = 4E04A39F1EC5247D00BC2548 /* OCMock.framework */; };
		4EF9AE6D1EC68E6400F7FFCB /* APITests.m in Sources */ = {isa = PBXBuildFile; fileRef = 4EF9AE6C1EC68E6400F7FFCB /* APITests.m */; };
		4EF9AE731EC699A600F7FFCB /* NoticiasViewController+DataSource.m in Sources */ = {isa = PBXBuildFile; fileRef = 4EF9AE721EC699A600F7FFCB /* NoticiasViewController+DataSource.m */; };
		4EF9AE771EC69E3B00F7FFCB /* CapaTableViewCell.m in Sources */ = {isa = PBXBuildFile; fileRef = 4EF9AE751EC69E3B00F7FFCB /* CapaTableViewCell.m */; };
		4EF9AE781EC69E3B00F7FFCB /* CapaTableViewCell.xib in Resources */ = {isa = PBXBuildFile; fileRef = 4EF9AE761EC69E3B00F7FFCB /* CapaTableViewCell.xib */; };
		4EF9AE7C1EC69E4400F7FFCB /* NoticiaTableViewCell.m in Sources */ = {isa = PBXBuildFile; fileRef = 4EF9AE7A1EC69E4400F7FFCB /* NoticiaTableViewCell.m */; };
		4EF9AE7D1EC69E4400F7FFCB /* NoticiaTableViewCell.xib in Resources */ = {isa = PBXBuildFile; fileRef = 4EF9AE7B1EC69E4400F7FFCB /* NoticiaTableViewCell.xib */; };
		4EF9AE821EC6A0F700F7FFCB /* UITableView+Support.m in Sources */ = {isa = PBXBuildFile; fileRef = 4EF9AE811EC6A0F700F7FFCB /* UITableView+Support.m */; };
/* End PBXBuildFile section */

/* Begin PBXContainerItemProxy section */
		4E04A3681EC5184300BC2548 /* PBXContainerItemProxy */ = {
			isa = PBXContainerItemProxy;
			containerPortal = 4E04A3461EC5184300BC2548 /* Project object */;
			proxyType = 1;
			remoteGlobalIDString = 4E04A34D1EC5184300BC2548;
			remoteInfo = Desafio;
		};
		4E04A3731EC5184300BC2548 /* PBXContainerItemProxy */ = {
			isa = PBXContainerItemProxy;
			containerPortal = 4E04A3461EC5184300BC2548 /* Project object */;
			proxyType = 1;
			remoteGlobalIDString = 4E04A34D1EC5184300BC2548;
			remoteInfo = Desafio;
		};
/* End PBXContainerItemProxy section */

/* Begin PBXCopyFilesBuildPhase section */
		4E04A3AA1EC5247D00BC2548 /* Embed Frameworks */ = {
			isa = PBXCopyFilesBuildPhase;
			buildActionMask = 2147483647;
			dstPath = "";
			dstSubfolderSpec = 10;
			files = (
				4E04A3A51EC5247D00BC2548 /* OCMock.framework in Embed Frameworks */,
				4E04A3A31EC5247D00BC2548 /* AFNetworking.framework in Embed Frameworks */,
				4E04A3A91EC5247D00BC2548 /* PINRemoteImage.framework in Embed Frameworks */,
				4E04A3A71EC5247D00BC2548 /* PINCache.framework in Embed Frameworks */,
			);
			name = "Embed Frameworks";
			runOnlyForDeploymentPostprocessing = 0;
		};
/* End PBXCopyFilesBuildPhase section */

/* Begin PBXFileReference section */
		4E04A34E1EC5184300BC2548 /* Desafio.app */ = {isa = PBXFileReference; explicitFileType = wrapper.application; includeInIndex = 0; path = Desafio.app; sourceTree = BUILT_PRODUCTS_DIR; };
		4E04A3521EC5184300BC2548 /* main.m */ = {isa = PBXFileReference; lastKnownFileType = sourcecode.c.objc; path = main.m; sourceTree = "<group>"; };
		4E04A3541EC5184300BC2548 /* AppDelegate.h */ = {isa = PBXFileReference; lastKnownFileType = sourcecode.c.h; path = AppDelegate.h; sourceTree = "<group>"; };
		4E04A3551EC5184300BC2548 /* AppDelegate.m */ = {isa = PBXFileReference; lastKnownFileType = sourcecode.c.objc; path = AppDelegate.m; sourceTree = "<group>"; };
		4E04A3571EC5184300BC2548 /* NoticiasViewController.h */ = {isa = PBXFileReference; lastKnownFileType = sourcecode.c.h; path = NoticiasViewController.h; sourceTree = "<group>"; };
		4E04A3581EC5184300BC2548 /* NoticiasViewController.m */ = {isa = PBXFileReference; lastKnownFileType = sourcecode.c.objc; path = NoticiasViewController.m; sourceTree = "<group>"; };
		4E04A35B1EC5184300BC2548 /* Base */ = {isa = PBXFileReference; lastKnownFileType = file.storyboard; name = Base; path = Base.lproj/Main.storyboard; sourceTree = "<group>"; };
		4E04A35D1EC5184300BC2548 /* Assets.xcassets */ = {isa = PBXFileReference; lastKnownFileType = folder.assetcatalog; path = Assets.xcassets; sourceTree = "<group>"; };
		4E04A3601EC5184300BC2548 /* Base */ = {isa = PBXFileReference; lastKnownFileType = file.storyboard; name = Base; path = Base.lproj/LaunchScreen.storyboard; sourceTree = "<group>"; };
		4E04A3621EC5184300BC2548 /* Info.plist */ = {isa = PBXFileReference; lastKnownFileType = text.plist.xml; path = Info.plist; sourceTree = "<group>"; };
		4E04A3671EC5184300BC2548 /* DesafioTests.xctest */ = {isa = PBXFileReference; explicitFileType = wrapper.cfbundle; includeInIndex = 0; path = DesafioTests.xctest; sourceTree = BUILT_PRODUCTS_DIR; };
		4E04A36D1EC5184300BC2548 /* Info.plist */ = {isa = PBXFileReference; lastKnownFileType = text.plist.xml; path = Info.plist; sourceTree = "<group>"; };
		4E04A3721EC5184300BC2548 /* DesafioUITests.xctest */ = {isa = PBXFileReference; explicitFileType = wrapper.cfbundle; includeInIndex = 0; path = DesafioUITests.xctest; sourceTree = BUILT_PRODUCTS_DIR; };
		4E04A3761EC5184300BC2548 /* DesafioUITests.m */ = {isa = PBXFileReference; lastKnownFileType = sourcecode.c.objc; path = DesafioUITests.m; sourceTree = "<group>"; };
		4E04A3781EC5184300BC2548 /* Info.plist */ = {isa = PBXFileReference; lastKnownFileType = text.plist.xml; path = Info.plist; sourceTree = "<group>"; };
		4E04A3861EC51BC500BC2548 /* Cartfile */ = {isa = PBXFileReference; fileEncoding = 4; lastKnownFileType = text; path = Cartfile; sourceTree = "<group>"; };
		4E04A38A1EC51D5600BC2548 /* Capa.h */ = {isa = PBXFileReference; fileEncoding = 4; lastKnownFileType = sourcecode.c.h; path = Capa.h; sourceTree = "<group>"; };
		4E04A38B1EC51D5600BC2548 /* Capa.m */ = {isa = PBXFileReference; fileEncoding = 4; lastKnownFileType = sourcecode.c.objc; path = Capa.m; sourceTree = "<group>"; };
		4E04A38D1EC51D9B00BC2548 /* Conteudo.h */ = {isa = PBXFileReference; fileEncoding = 4; lastKnownFileType = sourcecode.c.h; path = Conteudo.h; sourceTree = "<group>"; };
		4E04A38E1EC51D9B00BC2548 /* Conteudo.m */ = {isa = PBXFileReference; fileEncoding = 4; lastKnownFileType = sourcecode.c.objc; path = Conteudo.m; sourceTree = "<group>"; };
		4E04A3901EC51EA800BC2548 /* Secao.h */ = {isa = PBXFileReference; fileEncoding = 4; lastKnownFileType = sourcecode.c.h; path = Secao.h; sourceTree = "<group>"; };
		4E04A3911EC51EA800BC2548 /* Secao.m */ = {isa = PBXFileReference; fileEncoding = 4; lastKnownFileType = sourcecode.c.objc; path = Secao.m; sourceTree = "<group>"; };
		4E04A3961EC51EEB00BC2548 /* Imagem.h */ = {isa = PBXFileReference; fileEncoding = 4; lastKnownFileType = sourcecode.c.h; path = Imagem.h; sourceTree = "<group>"; };
		4E04A3971EC51EEB00BC2548 /* Imagem.m */ = {isa = PBXFileReference; fileEncoding = 4; lastKnownFileType = sourcecode.c.objc; path = Imagem.m; sourceTree = "<group>"; };
		4E04A39A1EC522CD00BC2548 /* APINoticias.h */ = {isa = PBXFileReference; fileEncoding = 4; lastKnownFileType = sourcecode.c.h; path = APINoticias.h; sourceTree = "<group>"; };
		4E04A39B1EC522CD00BC2548 /* APINoticias.m */ = {isa = PBXFileReference; fileEncoding = 4; lastKnownFileType = sourcecode.c.objc; path = APINoticias.m; sourceTree = "<group>"; };
		4E04A39E1EC5247D00BC2548 /* AFNetworking.framework */ = {isa = PBXFileReference; lastKnownFileType = wrapper.framework; name = AFNetworking.framework; path = Carthage/Build/iOS/AFNetworking.framework; sourceTree = "<group>"; };
		4E04A39F1EC5247D00BC2548 /* OCMock.framework */ = {isa = PBXFileReference; lastKnownFileType = wrapper.framework; name = OCMock.framework; path = Carthage/Build/iOS/OCMock.framework; sourceTree = "<group>"; };
		4E04A3A01EC5247D00BC2548 /* PINCache.framework */ = {isa = PBXFileReference; lastKnownFileType = wrapper.framework; name = PINCache.framework; path = Carthage/Build/iOS/PINCache.framework; sourceTree = "<group>"; };
		4E04A3A11EC5247D00BC2548 /* PINRemoteImage.framework */ = {isa = PBXFileReference; lastKnownFileType = wrapper.framework; name = PINRemoteImage.framework; path = Carthage/Build/iOS/PINRemoteImage.framework; sourceTree = "<group>"; };
		4E24347A1EC896EE0088EBF1 /* NoticiaDetailViewController.h */ = {isa = PBXFileReference; fileEncoding = 4; lastKnownFileType = sourcecode.c.h; path = NoticiaDetailViewController.h; sourceTree = "<group>"; };
		4E24347B1EC896EE0088EBF1 /* NoticiaDetailViewController.m */ = {isa = PBXFileReference; fileEncoding = 4; lastKnownFileType = sourcecode.c.objc; path = NoticiaDetailViewController.m; sourceTree = "<group>"; };
		4E24347F1EC897460088EBF1 /* NoticiasViewController+Handler.h */ = {isa = PBXFileReference; fileEncoding = 4; lastKnownFileType = sourcecode.c.h; path = "NoticiasViewController+Handler.h"; sourceTree = "<group>"; };
		4E2434801EC897460088EBF1 /* NoticiasViewController+Handler.m */ = {isa = PBXFileReference; fileEncoding = 4; lastKnownFileType = sourcecode.c.objc; path = "NoticiasViewController+Handler.m"; sourceTree = "<group>"; };
		4E2434821EC8974F0088EBF1 /* NoticiasViewController+Delegate.h */ = {isa = PBXFileReference; fileEncoding = 4; lastKnownFileType = sourcecode.c.h; path = "NoticiasViewController+Delegate.h"; sourceTree = "<group>"; };
		4E2434831EC8974F0088EBF1 /* NoticiasViewController+Delegate.m */ = {isa = PBXFileReference; fileEncoding = 4; lastKnownFileType = sourcecode.c.objc; path = "NoticiasViewController+Delegate.m"; sourceTree = "<group>"; };
		4E2434851EC8985A0088EBF1 /* Loadable.h */ = {isa = PBXFileReference; fileEncoding = 4; lastKnownFileType = sourcecode.c.h; path = Loadable.h; sourceTree = "<group>"; };
		4E2434871EC89E4B0088EBF1 /* NoticiaDetailViewController+View.h */ = {isa = PBXFileReference; fileEncoding = 4; lastKnownFileType = sourcecode.c.h; path = "NoticiaDetailViewController+View.h"; sourceTree = "<group>"; };
		4E2434881EC89E4B0088EBF1 /* NoticiaDetailViewController+View.m */ = {isa = PBXFileReference; fileEncoding = 4; lastKnownFileType = sourcecode.c.objc; path = "NoticiaDetailViewController+View.m"; sourceTree = "<group>"; };
		4E24348A1EC8BA780088EBF1 /* NoticiaDetailViewController+Handler.h */ = {isa = PBXFileReference; fileEncoding = 4; lastKnownFileType = sourcecode.c.h; path = "NoticiaDetailViewController+Handler.h"; sourceTree = "<group>"; };
		4E24348B1EC8BA780088EBF1 /* NoticiaDetailViewController+Handler.m */ = {isa = PBXFileReference; fileEncoding = 4; lastKnownFileType = sourcecode.c.objc; path = "NoticiaDetailViewController+Handler.m"; sourceTree = "<group>"; };
		4E24348D1EC8BF480088EBF1 /* NSDate+Support.h */ = {isa = PBXFileReference; fileEncoding = 4; lastKnownFileType = sourcecode.c.h; path = "NSDate+Support.h"; sourceTree = "<group>"; };
		4E24348E1EC8BF480088EBF1 /* NSDate+Support.m */ = {isa = PBXFileReference; fileEncoding = 4; lastKnownFileType = sourcecode.c.objc; path = "NSDate+Support.m"; sourceTree = "<group>"; };
		4E2434911EC8D1A10088EBF1 /* NSDateTests.m */ = {isa = PBXFileReference; fileEncoding = 4; lastKnownFileType = sourcecode.c.objc; path = NSDateTests.m; sourceTree = "<group>"; };
		4E2434961EC8D46F0088EBF1 /* CapaTableViewCellTests.m */ = {isa = PBXFileReference; fileEncoding = 4; lastKnownFileType = sourcecode.c.objc; path = CapaTableViewCellTests.m; sourceTree = "<group>"; };
		4E2434981EC8D62B0088EBF1 /* NoticiaTableViewCellTests.m */ = {isa = PBXFileReference; fileEncoding = 4; lastKnownFileType = sourcecode.c.objc; path = NoticiaTableViewCellTests.m; sourceTree = "<group>"; };
		4E24349B1EC8DAEA0088EBF1 /* NoticiasViewControllerTests.m */ = {isa = PBXFileReference; fileEncoding = 4; lastKnownFileType = sourcecode.c.objc; path = NoticiasViewControllerTests.m; sourceTree = "<group>"; };
		4E24349D1EC8DEA20088EBF1 /* NoticiasViewController+HandlerTests.m */ = {isa = PBXFileReference; fileEncoding = 4; lastKnownFileType = sourcecode.c.objc; path = "NoticiasViewController+HandlerTests.m"; sourceTree = "<group>"; };
		4E2434A01EC8EE880088EBF1 /* NoticiaDetailViewController+ViewTests.m */ = {isa = PBXFileReference; fileEncoding = 4; lastKnownFileType = sourcecode.c.objc; path = "NoticiaDetailViewController+ViewTests.m"; sourceTree = "<group>"; };
		4E2434A31EC8EECE0088EBF1 /* NoticiasViewController+DataSourceTests.m */ = {isa = PBXFileReference; fileEncoding = 4; lastKnownFileType = sourcecode.c.objc; path = "NoticiasViewController+DataSourceTests.m"; sourceTree = "<group>"; };
		4E2434A51EC8F03D0088EBF1 /* NoticiaDetailViewControllerTests.m */ = {isa = PBXFileReference; fileEncoding = 4; lastKnownFileType = sourcecode.c.objc; path = NoticiaDetailViewControllerTests.m; sourceTree = "<group>"; };
		4E2434A71EC8F1030088EBF1 /* NoticiaDetailViewController+HandlerTests.m */ = {isa = PBXFileReference; fileEncoding = 4; lastKnownFileType = sourcecode.c.objc; path = "NoticiaDetailViewController+HandlerTests.m"; sourceTree = "<group>"; };
		4EC5CF421EC670C4004BE63C /* CapaTests.m */ = {isa = PBXFileReference; fileEncoding = 4; lastKnownFileType = sourcecode.c.objc; path = CapaTests.m; sourceTree = "<group>"; };
		4EC5CF441EC6723F004BE63C /* ImagemTests.m */ = {isa = PBXFileReference; fileEncoding = 4; lastKnownFileType = sourcecode.c.objc; path = ImagemTests.m; sourceTree = "<group>"; };
		4EC5CF461EC67502004BE63C /* SecaoTests.m */ = {isa = PBXFileReference; fileEncoding = 4; lastKnownFileType = sourcecode.c.objc; path = SecaoTests.m; sourceTree = "<group>"; };
		4EC5CF481EC6762A004BE63C /* ConteudoTests.m */ = {isa = PBXFileReference; fileEncoding = 4; lastKnownFileType = sourcecode.c.objc; path = ConteudoTests.m; sourceTree = "<group>"; };
		4EF9AE6C1EC68E6400F7FFCB /* APITests.m */ = {isa = PBXFileReference; fileEncoding = 4; lastKnownFileType = sourcecode.c.objc; path = APITests.m; sourceTree = "<group>"; };
		4EF9AE711EC699A600F7FFCB /* NoticiasViewController+DataSource.h */ = {isa = PBXFileReference; fileEncoding = 4; lastKnownFileType = sourcecode.c.h; path = "NoticiasViewController+DataSource.h"; sourceTree = "<group>"; };
		4EF9AE721EC699A600F7FFCB /* NoticiasViewController+DataSource.m */ = {isa = PBXFileReference; fileEncoding = 4; lastKnownFileType = sourcecode.c.objc; path = "NoticiasViewController+DataSource.m"; sourceTree = "<group>"; };
		4EF9AE741EC69E3B00F7FFCB /* CapaTableViewCell.h */ = {isa = PBXFileReference; fileEncoding = 4; lastKnownFileType = sourcecode.c.h; path = CapaTableViewCell.h; sourceTree = "<group>"; };
		4EF9AE751EC69E3B00F7FFCB /* CapaTableViewCell.m */ = {isa = PBXFileReference; fileEncoding = 4; lastKnownFileType = sourcecode.c.objc; path = CapaTableViewCell.m; sourceTree = "<group>"; };
		4EF9AE761EC69E3B00F7FFCB /* CapaTableViewCell.xib */ = {isa = PBXFileReference; fileEncoding = 4; lastKnownFileType = file.xib; path = CapaTableViewCell.xib; sourceTree = "<group>"; };
		4EF9AE791EC69E4400F7FFCB /* NoticiaTableViewCell.h */ = {isa = PBXFileReference; fileEncoding = 4; lastKnownFileType = sourcecode.c.h; path = NoticiaTableViewCell.h; sourceTree = "<group>"; };
		4EF9AE7A1EC69E4400F7FFCB /* NoticiaTableViewCell.m */ = {isa = PBXFileReference; fileEncoding = 4; lastKnownFileType = sourcecode.c.objc; path = NoticiaTableViewCell.m; sourceTree = "<group>"; };
		4EF9AE7B1EC69E4400F7FFCB /* NoticiaTableViewCell.xib */ = {isa = PBXFileReference; fileEncoding = 4; lastKnownFileType = file.xib; path = NoticiaTableViewCell.xib; sourceTree = "<group>"; };
		4EF9AE801EC6A0F700F7FFCB /* UITableView+Support.h */ = {isa = PBXFileReference; fileEncoding = 4; lastKnownFileType = sourcecode.c.h; path = "UITableView+Support.h"; sourceTree = "<group>"; };
		4EF9AE811EC6A0F700F7FFCB /* UITableView+Support.m */ = {isa = PBXFileReference; fileEncoding = 4; lastKnownFileType = sourcecode.c.objc; path = "UITableView+Support.m"; sourceTree = "<group>"; };
/* End PBXFileReference section */

/* Begin PBXFrameworksBuildPhase section */
		4E04A34B1EC5184300BC2548 /* Frameworks */ = {
			isa = PBXFrameworksBuildPhase;
			buildActionMask = 2147483647;
			files = (
				4E04A3A41EC5247D00BC2548 /* OCMock.framework in Frameworks */,
				4E04A3A21EC5247D00BC2548 /* AFNetworking.framework in Frameworks */,
				4E04A3A81EC5247D00BC2548 /* PINRemoteImage.framework in Frameworks */,
				4E04A3A61EC5247D00BC2548 /* PINCache.framework in Frameworks */,
			);
			runOnlyForDeploymentPostprocessing = 0;
		};
		4E04A3641EC5184300BC2548 /* Frameworks */ = {
			isa = PBXFrameworksBuildPhase;
			buildActionMask = 2147483647;
			files = (
				4EC5CF4D1EC68844004BE63C /* OCMock.framework in Frameworks */,
			);
			runOnlyForDeploymentPostprocessing = 0;
		};
		4E04A36F1EC5184300BC2548 /* Frameworks */ = {
			isa = PBXFrameworksBuildPhase;
			buildActionMask = 2147483647;
			files = (
			);
			runOnlyForDeploymentPostprocessing = 0;
		};
/* End PBXFrameworksBuildPhase section */

/* Begin PBXGroup section */
		4E04A3451EC5184300BC2548 = {
			isa = PBXGroup;
			children = (
				4E04A3861EC51BC500BC2548 /* Cartfile */,
				4E04A3501EC5184300BC2548 /* Desafio */,
				4E04A36A1EC5184300BC2548 /* DesafioTests */,
				4E04A3751EC5184300BC2548 /* DesafioUITests */,
				4E04A39D1EC5244F00BC2548 /* Frameworks */,
				4E04A34F1EC5184300BC2548 /* Products */,
			);
			sourceTree = "<group>";
		};
		4E04A34F1EC5184300BC2548 /* Products */ = {
			isa = PBXGroup;
			children = (
				4E04A34E1EC5184300BC2548 /* Desafio.app */,
				4E04A3671EC5184300BC2548 /* DesafioTests.xctest */,
				4E04A3721EC5184300BC2548 /* DesafioUITests.xctest */,
			);
			name = Products;
			sourceTree = "<group>";
		};
		4E04A3501EC5184300BC2548 /* Desafio */ = {
			isa = PBXGroup;
			children = (
				4EF9AE7E1EC6A0D900F7FFCB /* Support */,
				4E04A3991EC5227F00BC2548 /* API */,
				4E04A3841EC5185200BC2548 /* Controller */,
				4E04A3881EC51CF400BC2548 /* Model */,
				4E04A3891EC51D1200BC2548 /* Resource */,
				4E04A3511EC5184300BC2548 /* Supporting Files */,
				4E04A3AB1EC52A8800BC2548 /* View */,
			);
			path = Desafio;
			sourceTree = "<group>";
		};
		4E04A3511EC5184300BC2548 /* Supporting Files */ = {
			isa = PBXGroup;
			children = (
				4E04A3541EC5184300BC2548 /* AppDelegate.h */,
				4E04A3551EC5184300BC2548 /* AppDelegate.m */,
				4E04A3621EC5184300BC2548 /* Info.plist */,
				4E04A35F1EC5184300BC2548 /* LaunchScreen.storyboard */,
				4E04A3521EC5184300BC2548 /* main.m */,
			);
			name = "Supporting Files";
			sourceTree = "<group>";
		};
		4E04A36A1EC5184300BC2548 /* DesafioTests */ = {
			isa = PBXGroup;
			children = (
				4E24349A1EC8DAB60088EBF1 /* Controller */,
				4E2434931EC8D39D0088EBF1 /* View */,
				4E2434901EC8D18C0088EBF1 /* Support */,
				4EC5CF4A1EC67DE6004BE63C /* API */,
				4EC5CF411EC670AA004BE63C /* Model */,
				4E04A36D1EC5184300BC2548 /* Info.plist */,
			);
			path = DesafioTests;
			sourceTree = "<group>";
		};
		4E04A3751EC5184300BC2548 /* DesafioUITests */ = {
			isa = PBXGroup;
			children = (
				4E04A3761EC5184300BC2548 /* DesafioUITests.m */,
				4E04A3781EC5184300BC2548 /* Info.plist */,
			);
			path = DesafioUITests;
			sourceTree = "<group>";
		};
		4E04A3841EC5185200BC2548 /* Controller */ = {
			isa = PBXGroup;
			children = (
				4E24347E1EC896F70088EBF1 /* NoticiasDetail */,
				4E24347D1EC896F30088EBF1 /* Noticias */,
			);
			name = Controller;
			sourceTree = "<group>";
		};
		4E04A3881EC51CF400BC2548 /* Model */ = {
			isa = PBXGroup;
			children = (
				4E04A38A1EC51D5600BC2548 /* Capa.h */,
				4E04A38B1EC51D5600BC2548 /* Capa.m */,
				4E04A38D1EC51D9B00BC2548 /* Conteudo.h */,
				4E04A38E1EC51D9B00BC2548 /* Conteudo.m */,
				4E04A3901EC51EA800BC2548 /* Secao.h */,
				4E04A3911EC51EA800BC2548 /* Secao.m */,
				4E04A3961EC51EEB00BC2548 /* Imagem.h */,
				4E04A3971EC51EEB00BC2548 /* Imagem.m */,
			);
			name = Model;
			sourceTree = "<group>";
		};
		4E04A3891EC51D1200BC2548 /* Resource */ = {
			isa = PBXGroup;
			children = (
				4E04A35D1EC5184300BC2548 /* Assets.xcassets */,
			);
			name = Resource;
			sourceTree = "<group>";
		};
		4E04A3991EC5227F00BC2548 /* API */ = {
			isa = PBXGroup;
			children = (
				4E04A39A1EC522CD00BC2548 /* APINoticias.h */,
				4E04A39B1EC522CD00BC2548 /* APINoticias.m */,
			);
			name = API;
			sourceTree = "<group>";
		};
		4E04A39D1EC5244F00BC2548 /* Frameworks */ = {
			isa = PBXGroup;
			children = (
				4E04A39E1EC5247D00BC2548 /* AFNetworking.framework */,
				4E04A39F1EC5247D00BC2548 /* OCMock.framework */,
				4E04A3A01EC5247D00BC2548 /* PINCache.framework */,
				4E04A3A11EC5247D00BC2548 /* PINRemoteImage.framework */,
			);
			name = Frameworks;
			sourceTree = "<group>";
		};
		4E04A3AB1EC52A8800BC2548 /* View */ = {
			isa = PBXGroup;
			children = (
				4EF9AE831EC6A3DA00F7FFCB /* Cell */,
				4E04A35A1EC5184300BC2548 /* Main.storyboard */,
			);
			name = View;
			sourceTree = "<group>";
		};
		4E24347D1EC896F30088EBF1 /* Noticias */ = {
			isa = PBXGroup;
			children = (
				4E04A3571EC5184300BC2548 /* NoticiasViewController.h */,
				4E04A3581EC5184300BC2548 /* NoticiasViewController.m */,
				4EF9AE711EC699A600F7FFCB /* NoticiasViewController+DataSource.h */,
				4EF9AE721EC699A600F7FFCB /* NoticiasViewController+DataSource.m */,
				4E24347F1EC897460088EBF1 /* NoticiasViewController+Handler.h */,
				4E2434801EC897460088EBF1 /* NoticiasViewController+Handler.m */,
				4E2434821EC8974F0088EBF1 /* NoticiasViewController+Delegate.h */,
				4E2434831EC8974F0088EBF1 /* NoticiasViewController+Delegate.m */,
			);
			name = Noticias;
			sourceTree = "<group>";
		};
		4E24347E1EC896F70088EBF1 /* NoticiasDetail */ = {
			isa = PBXGroup;
			children = (
				4E24347A1EC896EE0088EBF1 /* NoticiaDetailViewController.h */,
				4E24347B1EC896EE0088EBF1 /* NoticiaDetailViewController.m */,
				4E2434871EC89E4B0088EBF1 /* NoticiaDetailViewController+View.h */,
				4E2434881EC89E4B0088EBF1 /* NoticiaDetailViewController+View.m */,
				4E24348A1EC8BA780088EBF1 /* NoticiaDetailViewController+Handler.h */,
				4E24348B1EC8BA780088EBF1 /* NoticiaDetailViewController+Handler.m */,
			);
			name = NoticiasDetail;
			sourceTree = "<group>";
		};
		4E2434861EC899B60088EBF1 /* Protocol */ = {
			isa = PBXGroup;
			children = (
				4E2434851EC8985A0088EBF1 /* Loadable.h */,
			);
			name = Protocol;
			sourceTree = "<group>";
		};
		4E2434901EC8D18C0088EBF1 /* Support */ = {
			isa = PBXGroup;
			children = (
				4E2434911EC8D1A10088EBF1 /* NSDateTests.m */,
			);
			name = Support;
			sourceTree = "<group>";
		};
		4E2434931EC8D39D0088EBF1 /* View */ = {
			isa = PBXGroup;
			children = (
				4E2434961EC8D46F0088EBF1 /* CapaTableViewCellTests.m */,
				4E2434981EC8D62B0088EBF1 /* NoticiaTableViewCellTests.m */,
			);
			name = View;
			sourceTree = "<group>";
		};
		4E24349A1EC8DAB60088EBF1 /* Controller */ = {
			isa = PBXGroup;
			children = (
				4E2434A21EC8EEA00088EBF1 /* NoticiaDetail */,
				4E24349F1EC8EE3E0088EBF1 /* Noticias */,
			);
			name = Controller;
			sourceTree = "<group>";
		};
		4E24349F1EC8EE3E0088EBF1 /* Noticias */ = {
			isa = PBXGroup;
			children = (
				4E24349B1EC8DAEA0088EBF1 /* NoticiasViewControllerTests.m */,
				4E24349D1EC8DEA20088EBF1 /* NoticiasViewController+HandlerTests.m */,
				4E2434A31EC8EECE0088EBF1 /* NoticiasViewController+DataSourceTests.m */,
			);
			name = Noticias;
			sourceTree = "<group>";
		};
		4E2434A21EC8EEA00088EBF1 /* NoticiaDetail */ = {
			isa = PBXGroup;
			children = (
				4E2434A01EC8EE880088EBF1 /* NoticiaDetailViewController+ViewTests.m */,
				4E2434A51EC8F03D0088EBF1 /* NoticiaDetailViewControllerTests.m */,
				4E2434A71EC8F1030088EBF1 /* NoticiaDetailViewController+HandlerTests.m */,
			);
			name = NoticiaDetail;
			sourceTree = "<group>";
		};
		4EC5CF411EC670AA004BE63C /* Model */ = {
			isa = PBXGroup;
			children = (
				4EC5CF421EC670C4004BE63C /* CapaTests.m */,
				4EC5CF441EC6723F004BE63C /* ImagemTests.m */,
				4EC5CF461EC67502004BE63C /* SecaoTests.m */,
				4EC5CF481EC6762A004BE63C /* ConteudoTests.m */,
			);
			name = Model;
			sourceTree = "<group>";
		};
		4EC5CF4A1EC67DE6004BE63C /* API */ = {
			isa = PBXGroup;
			children = (
				4EF9AE6C1EC68E6400F7FFCB /* APITests.m */,
			);
			name = API;
			sourceTree = "<group>";
		};
		4EF9AE7E1EC6A0D900F7FFCB /* Support */ = {
			isa = PBXGroup;
			children = (
				4EF9AE7F1EC6A0DD00F7FFCB /* Category */,
				4E2434861EC899B60088EBF1 /* Protocol */,
			);
			name = Support;
			sourceTree = "<group>";
		};
		4EF9AE7F1EC6A0DD00F7FFCB /* Category */ = {
			isa = PBXGroup;
			children = (
				4EF9AE801EC6A0F700F7FFCB /* UITableView+Support.h */,
				4EF9AE811EC6A0F700F7FFCB /* UITableView+Support.m */,
				4E24348D1EC8BF480088EBF1 /* NSDate+Support.h */,
				4E24348E1EC8BF480088EBF1 /* NSDate+Support.m */,
			);
			name = Category;
			sourceTree = "<group>";
		};
		4EF9AE831EC6A3DA00F7FFCB /* Cell */ = {
			isa = PBXGroup;
			children = (
				4EF9AE741EC69E3B00F7FFCB /* CapaTableViewCell.h */,
				4EF9AE751EC69E3B00F7FFCB /* CapaTableViewCell.m */,
				4EF9AE761EC69E3B00F7FFCB /* CapaTableViewCell.xib */,
				4EF9AE791EC69E4400F7FFCB /* NoticiaTableViewCell.h */,
				4EF9AE7A1EC69E4400F7FFCB /* NoticiaTableViewCell.m */,
				4EF9AE7B1EC69E4400F7FFCB /* NoticiaTableViewCell.xib */,
			);
			name = Cell;
			sourceTree = "<group>";
		};
/* End PBXGroup section */

/* Begin PBXNativeTarget section */
		4E04A34D1EC5184300BC2548 /* Desafio */ = {
			isa = PBXNativeTarget;
			buildConfigurationList = 4E04A37B1EC5184300BC2548 /* Build configuration list for PBXNativeTarget "Desafio" */;
			buildPhases = (
				4E04A34A1EC5184300BC2548 /* Sources */,
				4E04A34B1EC5184300BC2548 /* Frameworks */,
				4E04A34C1EC5184300BC2548 /* Resources */,
				4E04A3AA1EC5247D00BC2548 /* Embed Frameworks */,
			);
			buildRules = (
			);
			dependencies = (
			);
			name = Desafio;
			productName = Desafio;
			productReference = 4E04A34E1EC5184300BC2548 /* Desafio.app */;
			productType = "com.apple.product-type.application";
		};
		4E04A3661EC5184300BC2548 /* DesafioTests */ = {
			isa = PBXNativeTarget;
			buildConfigurationList = 4E04A37E1EC5184300BC2548 /* Build configuration list for PBXNativeTarget "DesafioTests" */;
			buildPhases = (
				4E04A3631EC5184300BC2548 /* Sources */,
				4E04A3641EC5184300BC2548 /* Frameworks */,
				4E04A3651EC5184300BC2548 /* Resources */,
			);
			buildRules = (
			);
			dependencies = (
				4E04A3691EC5184300BC2548 /* PBXTargetDependency */,
			);
			name = DesafioTests;
			productName = DesafioTests;
			productReference = 4E04A3671EC5184300BC2548 /* DesafioTests.xctest */;
			productType = "com.apple.product-type.bundle.unit-test";
		};
		4E04A3711EC5184300BC2548 /* DesafioUITests */ = {
			isa = PBXNativeTarget;
			buildConfigurationList = 4E04A3811EC5184300BC2548 /* Build configuration list for PBXNativeTarget "DesafioUITests" */;
			buildPhases = (
				4E04A36E1EC5184300BC2548 /* Sources */,
				4E04A36F1EC5184300BC2548 /* Frameworks */,
				4E04A3701EC5184300BC2548 /* Resources */,
			);
			buildRules = (
			);
			dependencies = (
				4E04A3741EC5184300BC2548 /* PBXTargetDependency */,
			);
			name = DesafioUITests;
			productName = DesafioUITests;
			productReference = 4E04A3721EC5184300BC2548 /* DesafioUITests.xctest */;
			productType = "com.apple.product-type.bundle.ui-testing";
		};
/* End PBXNativeTarget section */

/* Begin PBXProject section */
		4E04A3461EC5184300BC2548 /* Project object */ = {
			isa = PBXProject;
			attributes = {
				LastUpgradeCheck = 0830;
				ORGANIZATIONNAME = "Fabio Almeida";
				TargetAttributes = {
					4E04A34D1EC5184300BC2548 = {
						CreatedOnToolsVersion = 8.3.2;
						ProvisioningStyle = Automatic;
					};
					4E04A3661EC5184300BC2548 = {
						CreatedOnToolsVersion = 8.3.2;
						ProvisioningStyle = Automatic;
						TestTargetID = 4E04A34D1EC5184300BC2548;
					};
					4E04A3711EC5184300BC2548 = {
						CreatedOnToolsVersion = 8.3.2;
						ProvisioningStyle = Automatic;
						TestTargetID = 4E04A34D1EC5184300BC2548;
					};
				};
			};
			buildConfigurationList = 4E04A3491EC5184300BC2548 /* Build configuration list for PBXProject "Desafio" */;
			compatibilityVersion = "Xcode 3.2";
			developmentRegion = English;
			hasScannedForEncodings = 0;
			knownRegions = (
				en,
				Base,
			);
			mainGroup = 4E04A3451EC5184300BC2548;
			productRefGroup = 4E04A34F1EC5184300BC2548 /* Products */;
			projectDirPath = "";
			projectRoot = "";
			targets = (
				4E04A34D1EC5184300BC2548 /* Desafio */,
				4E04A3661EC5184300BC2548 /* DesafioTests */,
				4E04A3711EC5184300BC2548 /* DesafioUITests */,
			);
		};
/* End PBXProject section */

/* Begin PBXResourcesBuildPhase section */
		4E04A34C1EC5184300BC2548 /* Resources */ = {
			isa = PBXResourcesBuildPhase;
			buildActionMask = 2147483647;
			files = (
				4EF9AE781EC69E3B00F7FFCB /* CapaTableViewCell.xib in Resources */,
				4E04A3611EC5184300BC2548 /* LaunchScreen.storyboard in Resources */,
				4E04A35E1EC5184300BC2548 /* Assets.xcassets in Resources */,
				4E04A3871EC51BC500BC2548 /* Cartfile in Resources */,
				4E04A35C1EC5184300BC2548 /* Main.storyboard in Resources */,
				4EF9AE7D1EC69E4400F7FFCB /* NoticiaTableViewCell.xib in Resources */,
			);
			runOnlyForDeploymentPostprocessing = 0;
		};
		4E04A3651EC5184300BC2548 /* Resources */ = {
			isa = PBXResourcesBuildPhase;
			buildActionMask = 2147483647;
			files = (
			);
			runOnlyForDeploymentPostprocessing = 0;
		};
		4E04A3701EC5184300BC2548 /* Resources */ = {
			isa = PBXResourcesBuildPhase;
			buildActionMask = 2147483647;
			files = (
			);
			runOnlyForDeploymentPostprocessing = 0;
		};
/* End PBXResourcesBuildPhase section */

/* Begin PBXSourcesBuildPhase section */
		4E04A34A1EC5184300BC2548 /* Sources */ = {
			isa = PBXSourcesBuildPhase;
			buildActionMask = 2147483647;
			files = (
				4E2434811EC897460088EBF1 /* NoticiasViewController+Handler.m in Sources */,
				4EF9AE7C1EC69E4400F7FFCB /* NoticiaTableViewCell.m in Sources */,
				4E24348F1EC8BF480088EBF1 /* NSDate+Support.m in Sources */,
				4E04A3591EC5184300BC2548 /* NoticiasViewController.m in Sources */,
				4E04A3561EC5184300BC2548 /* AppDelegate.m in Sources */,
				4E04A38C1EC51D5600BC2548 /* Capa.m in Sources */,
				4E04A3981EC51EEB00BC2548 /* Imagem.m in Sources */,
				4E2434841EC8974F0088EBF1 /* NoticiasViewController+Delegate.m in Sources */,
				4E24347C1EC896EE0088EBF1 /* NoticiaDetailViewController.m in Sources */,
				4EF9AE821EC6A0F700F7FFCB /* UITableView+Support.m in Sources */,
				4EF9AE771EC69E3B00F7FFCB /* CapaTableViewCell.m in Sources */,
				4E04A39C1EC522CD00BC2548 /* APINoticias.m in Sources */,
				4E04A3921EC51EA800BC2548 /* Secao.m in Sources */,
				4E2434891EC89E4B0088EBF1 /* NoticiaDetailViewController+View.m in Sources */,
				4EF9AE731EC699A600F7FFCB /* NoticiasViewController+DataSource.m in Sources */,
				4E04A38F1EC51D9B00BC2548 /* Conteudo.m in Sources */,
				4E24348C1EC8BA780088EBF1 /* NoticiaDetailViewController+Handler.m in Sources */,
				4E04A3531EC5184300BC2548 /* main.m in Sources */,
			);
			runOnlyForDeploymentPostprocessing = 0;
		};
		4E04A3631EC5184300BC2548 /* Sources */ = {
			isa = PBXSourcesBuildPhase;
			buildActionMask = 2147483647;
			files = (
				4EF9AE6D1EC68E6400F7FFCB /* APITests.m in Sources */,
				4E24349C1EC8DAEA0088EBF1 /* NoticiasViewControllerTests.m in Sources */,
				4E2434971EC8D46F0088EBF1 /* CapaTableViewCellTests.m in Sources */,
				4EC5CF431EC670C4004BE63C /* CapaTests.m in Sources */,
				4E2434A81EC8F1030088EBF1 /* NoticiaDetailViewController+HandlerTests.m in Sources */,
				4E2434A11EC8EE880088EBF1 /* NoticiaDetailViewController+ViewTests.m in Sources */,
				4E2434A41EC8EECE0088EBF1 /* NoticiasViewController+DataSourceTests.m in Sources */,
				4E2434A61EC8F03D0088EBF1 /* NoticiaDetailViewControllerTests.m in Sources */,
				4E2434991EC8D62B0088EBF1 /* NoticiaTableViewCellTests.m in Sources */,
				4E2434921EC8D1A10088EBF1 /* NSDateTests.m in Sources */,
				4EC5CF471EC67502004BE63C /* SecaoTests.m in Sources */,
				4E24349E1EC8DEA20088EBF1 /* NoticiasViewController+HandlerTests.m in Sources */,
				4EC5CF491EC6762A004BE63C /* ConteudoTests.m in Sources */,
				4EC5CF451EC6723F004BE63C /* ImagemTests.m in Sources */,
			);
			runOnlyForDeploymentPostprocessing = 0;
		};
		4E04A36E1EC5184300BC2548 /* Sources */ = {
			isa = PBXSourcesBuildPhase;
			buildActionMask = 2147483647;
			files = (
				4E04A3771EC5184300BC2548 /* DesafioUITests.m in Sources */,
			);
			runOnlyForDeploymentPostprocessing = 0;
		};
/* End PBXSourcesBuildPhase section */

/* Begin PBXTargetDependency section */
		4E04A3691EC5184300BC2548 /* PBXTargetDependency */ = {
			isa = PBXTargetDependency;
			target = 4E04A34D1EC5184300BC2548 /* Desafio */;
			targetProxy = 4E04A3681EC5184300BC2548 /* PBXContainerItemProxy */;
		};
		4E04A3741EC5184300BC2548 /* PBXTargetDependency */ = {
			isa = PBXTargetDependency;
			target = 4E04A34D1EC5184300BC2548 /* Desafio */;
			targetProxy = 4E04A3731EC5184300BC2548 /* PBXContainerItemProxy */;
		};
/* End PBXTargetDependency section */

/* Begin PBXVariantGroup section */
		4E04A35A1EC5184300BC2548 /* Main.storyboard */ = {
			isa = PBXVariantGroup;
			children = (
				4E04A35B1EC5184300BC2548 /* Base */,
			);
			name = Main.storyboard;
			sourceTree = "<group>";
		};
		4E04A35F1EC5184300BC2548 /* LaunchScreen.storyboard */ = {
			isa = PBXVariantGroup;
			children = (
				4E04A3601EC5184300BC2548 /* Base */,
			);
			name = LaunchScreen.storyboard;
			sourceTree = "<group>";
		};
/* End PBXVariantGroup section */

/* Begin XCBuildConfiguration section */
		4E04A3791EC5184300BC2548 /* Debug */ = {
			isa = XCBuildConfiguration;
			buildSettings = {
				ALWAYS_SEARCH_USER_PATHS = NO;
				CLANG_ANALYZER_NONNULL = YES;
				CLANG_ANALYZER_NUMBER_OBJECT_CONVERSION = YES_AGGRESSIVE;
				CLANG_CXX_LANGUAGE_STANDARD = "gnu++0x";
				CLANG_CXX_LIBRARY = "libc++";
				CLANG_ENABLE_MODULES = YES;
				CLANG_ENABLE_OBJC_ARC = YES;
				CLANG_WARN_BOOL_CONVERSION = YES;
				CLANG_WARN_CONSTANT_CONVERSION = YES;
				CLANG_WARN_DIRECT_OBJC_ISA_USAGE = YES_ERROR;
				CLANG_WARN_DOCUMENTATION_COMMENTS = YES;
				CLANG_WARN_EMPTY_BODY = YES;
				CLANG_WARN_ENUM_CONVERSION = YES;
				CLANG_WARN_INFINITE_RECURSION = YES;
				CLANG_WARN_INT_CONVERSION = YES;
				CLANG_WARN_OBJC_ROOT_CLASS = YES_ERROR;
				CLANG_WARN_SUSPICIOUS_MOVE = YES;
				CLANG_WARN_UNREACHABLE_CODE = YES;
				CLANG_WARN__DUPLICATE_METHOD_MATCH = YES;
				"CODE_SIGN_IDENTITY[sdk=iphoneos*]" = "iPhone Developer";
				COPY_PHASE_STRIP = NO;
				DEBUG_INFORMATION_FORMAT = dwarf;
				ENABLE_STRICT_OBJC_MSGSEND = YES;
				ENABLE_TESTABILITY = YES;
				GCC_C_LANGUAGE_STANDARD = gnu99;
				GCC_DYNAMIC_NO_PIC = NO;
				GCC_NO_COMMON_BLOCKS = YES;
				GCC_OPTIMIZATION_LEVEL = 0;
				GCC_PREPROCESSOR_DEFINITIONS = (
					"DEBUG=1",
					"$(inherited)",
				);
				GCC_WARN_64_TO_32_BIT_CONVERSION = YES;
				GCC_WARN_ABOUT_RETURN_TYPE = YES_ERROR;
				GCC_WARN_UNDECLARED_SELECTOR = YES;
				GCC_WARN_UNINITIALIZED_AUTOS = YES_AGGRESSIVE;
				GCC_WARN_UNUSED_FUNCTION = YES;
				GCC_WARN_UNUSED_VARIABLE = YES;
				IPHONEOS_DEPLOYMENT_TARGET = 10.3;
				MTL_ENABLE_DEBUG_INFO = YES;
				ONLY_ACTIVE_ARCH = YES;
				SDKROOT = iphoneos;
				TARGETED_DEVICE_FAMILY = "1,2";
			};
			name = Debug;
		};
		4E04A37A1EC5184300BC2548 /* Release */ = {
			isa = XCBuildConfiguration;
			buildSettings = {
				ALWAYS_SEARCH_USER_PATHS = NO;
				CLANG_ANALYZER_NONNULL = YES;
				CLANG_ANALYZER_NUMBER_OBJECT_CONVERSION = YES_AGGRESSIVE;
				CLANG_CXX_LANGUAGE_STANDARD = "gnu++0x";
				CLANG_CXX_LIBRARY = "libc++";
				CLANG_ENABLE_MODULES = YES;
				CLANG_ENABLE_OBJC_ARC = YES;
				CLANG_WARN_BOOL_CONVERSION = YES;
				CLANG_WARN_CONSTANT_CONVERSION = YES;
				CLANG_WARN_DIRECT_OBJC_ISA_USAGE = YES_ERROR;
				CLANG_WARN_DOCUMENTATION_COMMENTS = YES;
				CLANG_WARN_EMPTY_BODY = YES;
				CLANG_WARN_ENUM_CONVERSION = YES;
				CLANG_WARN_INFINITE_RECURSION = YES;
				CLANG_WARN_INT_CONVERSION = YES;
				CLANG_WARN_OBJC_ROOT_CLASS = YES_ERROR;
				CLANG_WARN_SUSPICIOUS_MOVE = YES;
				CLANG_WARN_UNREACHABLE_CODE = YES;
				CLANG_WARN__DUPLICATE_METHOD_MATCH = YES;
				"CODE_SIGN_IDENTITY[sdk=iphoneos*]" = "iPhone Developer";
				COPY_PHASE_STRIP = NO;
				DEBUG_INFORMATION_FORMAT = "dwarf-with-dsym";
				ENABLE_NS_ASSERTIONS = NO;
				ENABLE_STRICT_OBJC_MSGSEND = YES;
				GCC_C_LANGUAGE_STANDARD = gnu99;
				GCC_NO_COMMON_BLOCKS = YES;
				GCC_WARN_64_TO_32_BIT_CONVERSION = YES;
				GCC_WARN_ABOUT_RETURN_TYPE = YES_ERROR;
				GCC_WARN_UNDECLARED_SELECTOR = YES;
				GCC_WARN_UNINITIALIZED_AUTOS = YES_AGGRESSIVE;
				GCC_WARN_UNUSED_FUNCTION = YES;
				GCC_WARN_UNUSED_VARIABLE = YES;
				IPHONEOS_DEPLOYMENT_TARGET = 10.3;
				MTL_ENABLE_DEBUG_INFO = NO;
				SDKROOT = iphoneos;
				TARGETED_DEVICE_FAMILY = "1,2";
				VALIDATE_PRODUCT = YES;
			};
			name = Release;
		};
		4E04A37C1EC5184300BC2548 /* Debug */ = {
			isa = XCBuildConfiguration;
			buildSettings = {
				ASSETCATALOG_COMPILER_APPICON_NAME = AppIcon;
				FRAMEWORK_SEARCH_PATHS = (
					"$(inherited)",
					"$(PROJECT_DIR)/Carthage/Build/iOS",
				);
				INFOPLIST_FILE = Desafio/Info.plist;
				LD_RUNPATH_SEARCH_PATHS = "$(inherited) @executable_path/Frameworks";
				PRODUCT_BUNDLE_IDENTIFIER = InfoGlobo.Desafio;
				PRODUCT_NAME = "$(TARGET_NAME)";
			};
			name = Debug;
		};
		4E04A37D1EC5184300BC2548 /* Release */ = {
			isa = XCBuildConfiguration;
			buildSettings = {
				ASSETCATALOG_COMPILER_APPICON_NAME = AppIcon;
				FRAMEWORK_SEARCH_PATHS = (
					"$(inherited)",
					"$(PROJECT_DIR)/Carthage/Build/iOS",
				);
				INFOPLIST_FILE = Desafio/Info.plist;
				LD_RUNPATH_SEARCH_PATHS = "$(inherited) @executable_path/Frameworks";
				PRODUCT_BUNDLE_IDENTIFIER = InfoGlobo.Desafio;
				PRODUCT_NAME = "$(TARGET_NAME)";
			};
			name = Release;
		};
		4E04A37F1EC5184300BC2548 /* Debug */ = {
			isa = XCBuildConfiguration;
			buildSettings = {
				BUNDLE_LOADER = "$(TEST_HOST)";
				FRAMEWORK_SEARCH_PATHS = (
					"$(inherited)",
					"$(PROJECT_DIR)/Carthage/Build/iOS",
				);
				INFOPLIST_FILE = DesafioTests/Info.plist;
				LD_RUNPATH_SEARCH_PATHS = "$(inherited) @executable_path/Frameworks @loader_path/Frameworks";
				PRODUCT_BUNDLE_IDENTIFIER = InfoGlobo.DesafioTests;
				PRODUCT_NAME = "$(TARGET_NAME)";
				TEST_HOST = "$(BUILT_PRODUCTS_DIR)/Desafio.app/Desafio";
			};
			name = Debug;
		};
		4E04A3801EC5184300BC2548 /* Release */ = {
			isa = XCBuildConfiguration;
			buildSettings = {
				BUNDLE_LOADER = "$(TEST_HOST)";
				FRAMEWORK_SEARCH_PATHS = (
					"$(inherited)",
					"$(PROJECT_DIR)/Carthage/Build/iOS",
				);
				INFOPLIST_FILE = DesafioTests/Info.plist;
				LD_RUNPATH_SEARCH_PATHS = "$(inherited) @executable_path/Frameworks @loader_path/Frameworks";
				PRODUCT_BUNDLE_IDENTIFIER = InfoGlobo.DesafioTests;
				PRODUCT_NAME = "$(TARGET_NAME)";
				TEST_HOST = "$(BUILT_PRODUCTS_DIR)/Desafio.app/Desafio";
			};
			name = Release;
		};
		4E04A3821EC5184300BC2548 /* Debug */ = {
			isa = XCBuildConfiguration;
			buildSettings = {
				INFOPLIST_FILE = DesafioUITests/Info.plist;
				LD_RUNPATH_SEARCH_PATHS = "$(inherited) @executable_path/Frameworks @loader_path/Frameworks";
				PRODUCT_BUNDLE_IDENTIFIER = InfoGlobo.DesafioUITests;
				PRODUCT_NAME = "$(TARGET_NAME)";
				TEST_TARGET_NAME = Desafio;
			};
			name = Debug;
		};
		4E04A3831EC5184300BC2548 /* Release */ = {
			isa = XCBuildConfiguration;
			buildSettings = {
				INFOPLIST_FILE = DesafioUITests/Info.plist;
				LD_RUNPATH_SEARCH_PATHS = "$(inherited) @executable_path/Frameworks @loader_path/Frameworks";
				PRODUCT_BUNDLE_IDENTIFIER = InfoGlobo.DesafioUITests;
				PRODUCT_NAME = "$(TARGET_NAME)";
				TEST_TARGET_NAME = Desafio;
			};
			name = Release;
		};
/* End XCBuildConfiguration section */

/* Begin XCConfigurationList section */
		4E04A3491EC5184300BC2548 /* Build configuration list for PBXProject "Desafio" */ = {
			isa = XCConfigurationList;
			buildConfigurations = (
				4E04A3791EC5184300BC2548 /* Debug */,
				4E04A37A1EC5184300BC2548 /* Release */,
			);
			defaultConfigurationIsVisible = 0;
			defaultConfigurationName = Release;
		};
		4E04A37B1EC5184300BC2548 /* Build configuration list for PBXNativeTarget "Desafio" */ = {
			isa = XCConfigurationList;
			buildConfigurations = (
				4E04A37C1EC5184300BC2548 /* Debug */,
				4E04A37D1EC5184300BC2548 /* Release */,
			);
			defaultConfigurationIsVisible = 0;
			defaultConfigurationName = Release;
		};
		4E04A37E1EC5184300BC2548 /* Build configuration list for PBXNativeTarget "DesafioTests" */ = {
			isa = XCConfigurationList;
			buildConfigurations = (
				4E04A37F1EC5184300BC2548 /* Debug */,
				4E04A3801EC5184300BC2548 /* Release */,
			);
			defaultConfigurationIsVisible = 0;
			defaultConfigurationName = Release;
		};
		4E04A3811EC5184300BC2548 /* Build configuration list for PBXNativeTarget "DesafioUITests" */ = {
			isa = XCConfigurationList;
			buildConfigurations = (
				4E04A3821EC5184300BC2548 /* Debug */,
				4E04A3831EC5184300BC2548 /* Release */,
			);
			defaultConfigurationIsVisible = 0;
			defaultConfigurationName = Release;
		};
/* End XCConfigurationList section */
	};
	rootObject = 4E04A3461EC5184300BC2548 /* Project object */;
}
